// !$*UTF8*$!
{
	archiveVersion = 1;
	classes = {
	};
	objectVersion = 56;
	objects = {

/* Begin PBXBuildFile section */
		3F5E83D929F136AA00BFB344 /* JungwookTeamApp.swift in Sources */ = {isa = PBXBuildFile; fileRef = 3F5E83D829F136AA00BFB344 /* JungwookTeamApp.swift */; };
		3F5E83DB29F136AA00BFB344 /* ContentView.swift in Sources */ = {isa = PBXBuildFile; fileRef = 3F5E83DA29F136AA00BFB344 /* ContentView.swift */; };
		3F5E83DD29F136AB00BFB344 /* Assets.xcassets in Resources */ = {isa = PBXBuildFile; fileRef = 3F5E83DC29F136AB00BFB344 /* Assets.xcassets */; };
		3F5E83E029F136AB00BFB344 /* Preview Assets.xcassets in Resources */ = {isa = PBXBuildFile; fileRef = 3F5E83DF29F136AB00BFB344 /* Preview Assets.xcassets */; };
		3F5E847E29FA2FC000BFB344 /* RuleView.swift in Sources */ = {isa = PBXBuildFile; fileRef = 3F5E847D29FA2FC000BFB344 /* RuleView.swift */; };
		874A386C2A011FB80006DF92 /* BackgroundMusicModel.swift in Sources */ = {isa = PBXBuildFile; fileRef = 874A386B2A011FB80006DF92 /* BackgroundMusicModel.swift */; };
		874A38702A0120DE0006DF92 /* chimes-7035.mp3 in Resources */ = {isa = PBXBuildFile; fileRef = 874A386F2A0120DE0006DF92 /* chimes-7035.mp3 */; };
		D81123D729FA5FD9000A3ACF /* LottieView.swift in Sources */ = {isa = PBXBuildFile; fileRef = D81123D629FA5FD9000A3ACF /* LottieView.swift */; };
		D81123DB29FA603F000A3ACF /* Lottie in Frameworks */ = {isa = PBXBuildFile; productRef = D81123DA29FA603F000A3ACF /* Lottie */; };
		D8695E7029FB8FCE008C68F5 /* JungwookTeam.xcdatamodeld in Sources */ = {isa = PBXBuildFile; fileRef = D8695E6E29FB8FCE008C68F5 /* JungwookTeam.xcdatamodeld */; };
		D8695E7229FB9C67008C68F5 /* CoreDataModel.swift in Sources */ = {isa = PBXBuildFile; fileRef = D8695E7129FB9C67008C68F5 /* CoreDataModel.swift */; };
		D8695E7D29FBA59C008C68F5 /* FortuneWheel in Frameworks */ = {isa = PBXBuildFile; productRef = D8695E7C29FBA59C008C68F5 /* FortuneWheel */; };
		D87C249729FAB3F9003005EE /* 3SecTimer.json in Resources */ = {isa = PBXBuildFile; fileRef = D87C249629FAB3F9003005EE /* 3SecTimer.json */; };
		D87C249929FAB90A003005EE /* Clap.json in Resources */ = {isa = PBXBuildFile; fileRef = D87C249829FAB90A003005EE /* Clap.json */; };
		D8DE41342A010CAA0014D154 /* ButtonView.swift in Sources */ = {isa = PBXBuildFile; fileRef = D8DE41332A010CAA0014D154 /* ButtonView.swift */; };
/* End PBXBuildFile section */

/* Begin PBXFileReference section */
		3F5E83D529F136AA00BFB344 /* JungwookTeam.app */ = {isa = PBXFileReference; explicitFileType = wrapper.application; includeInIndex = 0; path = JungwookTeam.app; sourceTree = BUILT_PRODUCTS_DIR; };
		3F5E83D829F136AA00BFB344 /* JungwookTeamApp.swift */ = {isa = PBXFileReference; lastKnownFileType = sourcecode.swift; path = JungwookTeamApp.swift; sourceTree = "<group>"; };
		3F5E83DA29F136AA00BFB344 /* ContentView.swift */ = {isa = PBXFileReference; lastKnownFileType = sourcecode.swift; path = ContentView.swift; sourceTree = "<group>"; };
		3F5E83DC29F136AB00BFB344 /* Assets.xcassets */ = {isa = PBXFileReference; lastKnownFileType = folder.assetcatalog; path = Assets.xcassets; sourceTree = "<group>"; };
		3F5E83DF29F136AB00BFB344 /* Preview Assets.xcassets */ = {isa = PBXFileReference; lastKnownFileType = folder.assetcatalog; path = "Preview Assets.xcassets"; sourceTree = "<group>"; };
		3F5E847D29FA2FC000BFB344 /* RuleView.swift */ = {isa = PBXFileReference; lastKnownFileType = sourcecode.swift; path = RuleView.swift; sourceTree = "<group>"; };
		874A386B2A011FB80006DF92 /* BackgroundMusicModel.swift */ = {isa = PBXFileReference; lastKnownFileType = sourcecode.swift; path = BackgroundMusicModel.swift; sourceTree = "<group>"; };
		874A386F2A0120DE0006DF92 /* chimes-7035.mp3 */ = {isa = PBXFileReference; lastKnownFileType = audio.mp3; path = "chimes-7035.mp3"; sourceTree = "<group>"; };
		D81123D629FA5FD9000A3ACF /* LottieView.swift */ = {isa = PBXFileReference; lastKnownFileType = sourcecode.swift; path = LottieView.swift; sourceTree = "<group>"; };
		D8695E6F29FB8FCE008C68F5 /* JungwookTeam.xcdatamodel */ = {isa = PBXFileReference; lastKnownFileType = wrapper.xcdatamodel; path = JungwookTeam.xcdatamodel; sourceTree = "<group>"; };
		D8695E7129FB9C67008C68F5 /* CoreDataModel.swift */ = {isa = PBXFileReference; lastKnownFileType = sourcecode.swift; path = CoreDataModel.swift; sourceTree = "<group>"; };
		D87C249629FAB3F9003005EE /* 3SecTimer.json */ = {isa = PBXFileReference; fileEncoding = 4; lastKnownFileType = text.json; path = 3SecTimer.json; sourceTree = "<group>"; };
		D87C249829FAB90A003005EE /* Clap.json */ = {isa = PBXFileReference; fileEncoding = 4; lastKnownFileType = text.json; path = Clap.json; sourceTree = "<group>"; };
		D8DE41332A010CAA0014D154 /* ButtonView.swift */ = {isa = PBXFileReference; lastKnownFileType = sourcecode.swift; path = ButtonView.swift; sourceTree = "<group>"; };
/* End PBXFileReference section */

/* Begin PBXFrameworksBuildPhase section */
		3F5E83D229F136AA00BFB344 /* Frameworks */ = {
			isa = PBXFrameworksBuildPhase;
			buildActionMask = 2147483647;
			files = (
				D8695E7D29FBA59C008C68F5 /* FortuneWheel in Frameworks */,
				D81123DB29FA603F000A3ACF /* Lottie in Frameworks */,
			);
			runOnlyForDeploymentPostprocessing = 0;
		};
/* End PBXFrameworksBuildPhase section */

/* Begin PBXGroup section */
		3F5E83CC29F136AA00BFB344 = {
			isa = PBXGroup;
			children = (
				3F5E83D729F136AA00BFB344 /* JungwookTeam */,
				3F5E83D629F136AA00BFB344 /* Products */,
			);
			sourceTree = "<group>";
		};
		3F5E83D629F136AA00BFB344 /* Products */ = {
			isa = PBXGroup;
			children = (
				3F5E83D529F136AA00BFB344 /* JungwookTeam.app */,
			);
			name = Products;
			sourceTree = "<group>";
		};
		3F5E83D729F136AA00BFB344 /* JungwookTeam */ = {
			isa = PBXGroup;
			children = (
				3F5E84BC29FC264600BFB344 /* Application */,
				3F5E84BD29FC266400BFB344 /* Core */,
				3F5E84BE29FC266F00BFB344 /* Features */,
				3F5E83DE29F136AB00BFB344 /* Preview Content */,
			);
			path = JungwookTeam;
			sourceTree = "<group>";
		};
		3F5E83DE29F136AB00BFB344 /* Preview Content */ = {
			isa = PBXGroup;
			children = (
				3F5E83DF29F136AB00BFB344 /* Preview Assets.xcassets */,
			);
			path = "Preview Content";
			sourceTree = "<group>";
		};
		3F5E842229F3A28F00BFB344 /* Assets */ = {
			isa = PBXGroup;
			children = (
				3F5E83DC29F136AB00BFB344 /* Assets.xcassets */,
				874A386A2A011EC80006DF92 /* Sounds */,
			);
			name = Assets;
			path = ../..;
			sourceTree = "<group>";
		};
		3F5E84BC29FC264600BFB344 /* Application */ = {
			isa = PBXGroup;
			children = (
				3F5E83D829F136AA00BFB344 /* JungwookTeamApp.swift */,
			);
			path = Application;
			sourceTree = "<group>";
		};
		3F5E84BD29FC266400BFB344 /* Core */ = {
			isa = PBXGroup;
			children = (
				3F5E84C029FC268400BFB344 /* Resources */,
			);
			path = Core;
			sourceTree = "<group>";
		};
		3F5E84BE29FC266F00BFB344 /* Features */ = {
			isa = PBXGroup;
			children = (
				D8DE41322A010C9D0014D154 /* Components */,
				D8695E6D29FB8F9C008C68F5 /* Model */,
				D8695E8029FBC88E008C68F5 /* Views */,
			);
			path = Features;
			sourceTree = "<group>";
		};
		3F5E84C029FC268400BFB344 /* Resources */ = {
			isa = PBXGroup;
			children = (
				3F5E84C429FC271200BFB344 /* Animation */,
				3F5E842229F3A28F00BFB344 /* Assets */,
			);
			path = Resources;
			sourceTree = "<group>";
		};
		3F5E84C429FC271200BFB344 /* Animation */ = {
			isa = PBXGroup;
			children = (
				D81123D829FA5FE8000A3ACF /* Lottie */,
			);
			path = Animation;
			sourceTree = "<group>";
		};
		874A386A2A011EC80006DF92 /* Sounds */ = {
			isa = PBXGroup;
			children = (
				874A386F2A0120DE0006DF92 /* chimes-7035.mp3 */,
				874A386D2A011FCE0006DF92 /* Model */,
				874A386B2A011FB80006DF92 /* BackgroundMusicModel.swift */,
			);
			path = Sounds;
			sourceTree = "<group>";
		};
		874A386D2A011FCE0006DF92 /* Model */ = {
			isa = PBXGroup;
			children = (
			);
			path = Model;
			sourceTree = "<group>";
		};
		D81123D829FA5FE8000A3ACF /* Lottie */ = {
			isa = PBXGroup;
			children = (
				D87C249529FAB3DA003005EE /* LottieJSON */,
				D81123D629FA5FD9000A3ACF /* LottieView.swift */,
			);
			path = Lottie;
			sourceTree = "<group>";
		};
		D8695E6D29FB8F9C008C68F5 /* Model */ = {
			isa = PBXGroup;
			children = (
				D8695E6E29FB8FCE008C68F5 /* JungwookTeam.xcdatamodeld */,
				D8695E7129FB9C67008C68F5 /* CoreDataModel.swift */,
			);
			path = Model;
			sourceTree = "<group>";
		};
		D8695E8029FBC88E008C68F5 /* Views */ = {
			isa = PBXGroup;
			children = (
				3F5E847D29FA2FC000BFB344 /* RuleView.swift */,
				3F5E83DA29F136AA00BFB344 /* ContentView.swift */,
			);
			path = Views;
			sourceTree = "<group>";
		};
		D87C249529FAB3DA003005EE /* LottieJSON */ = {
			isa = PBXGroup;
			children = (
				D87C249829FAB90A003005EE /* Clap.json */,
				D87C249629FAB3F9003005EE /* 3SecTimer.json */,
			);
			path = LottieJSON;
			sourceTree = "<group>";
		};
		D8DE41322A010C9D0014D154 /* Components */ = {
			isa = PBXGroup;
			children = (
				D8DE41332A010CAA0014D154 /* ButtonView.swift */,
			);
			path = Components;
			sourceTree = "<group>";
		};
/* End PBXGroup section */

/* Begin PBXNativeTarget section */
		3F5E83D429F136AA00BFB344 /* JungwookTeam */ = {
			isa = PBXNativeTarget;
			buildConfigurationList = 3F5E83E329F136AB00BFB344 /* Build configuration list for PBXNativeTarget "JungwookTeam" */;
			buildPhases = (
				3F5E83D129F136AA00BFB344 /* Sources */,
				3F5E83D229F136AA00BFB344 /* Frameworks */,
				3F5E83D329F136AA00BFB344 /* Resources */,
			);
			buildRules = (
			);
			dependencies = (
			);
			name = JungwookTeam;
			packageProductDependencies = (
				D81123DA29FA603F000A3ACF /* Lottie */,
				D8695E7C29FBA59C008C68F5 /* FortuneWheel */,
			);
			productName = JungwookTeam;
			productReference = 3F5E83D529F136AA00BFB344 /* JungwookTeam.app */;
			productType = "com.apple.product-type.application";
		};
/* End PBXNativeTarget section */

/* Begin PBXProject section */
		3F5E83CD29F136AA00BFB344 /* Project object */ = {
			isa = PBXProject;
			attributes = {
				BuildIndependentTargetsInParallel = 1;
				LastSwiftUpdateCheck = 1430;
				LastUpgradeCheck = 1430;
				TargetAttributes = {
					3F5E83D429F136AA00BFB344 = {
						CreatedOnToolsVersion = 14.3;
					};
				};
			};
			buildConfigurationList = 3F5E83D029F136AA00BFB344 /* Build configuration list for PBXProject "JungwookTeam" */;
			compatibilityVersion = "Xcode 14.0";
			developmentRegion = en;
			hasScannedForEncodings = 0;
			knownRegions = (
				en,
				Base,
			);
			mainGroup = 3F5E83CC29F136AA00BFB344;
			packageReferences = (
				D81123D929FA603F000A3ACF /* XCRemoteSwiftPackageReference "lottie-ios" */,
				D8695E7B29FBA59C008C68F5 /* XCRemoteSwiftPackageReference "FortuneWheel" */,
			);
			productRefGroup = 3F5E83D629F136AA00BFB344 /* Products */;
			projectDirPath = "";
			projectRoot = "";
			targets = (
				3F5E83D429F136AA00BFB344 /* JungwookTeam */,
			);
		};
/* End PBXProject section */

/* Begin PBXResourcesBuildPhase section */
		3F5E83D329F136AA00BFB344 /* Resources */ = {
			isa = PBXResourcesBuildPhase;
			buildActionMask = 2147483647;
			files = (
				874A38702A0120DE0006DF92 /* chimes-7035.mp3 in Resources */,
				D87C249729FAB3F9003005EE /* 3SecTimer.json in Resources */,
				D87C249929FAB90A003005EE /* Clap.json in Resources */,
				3F5E83E029F136AB00BFB344 /* Preview Assets.xcassets in Resources */,
				3F5E83DD29F136AB00BFB344 /* Assets.xcassets in Resources */,
			);
			runOnlyForDeploymentPostprocessing = 0;
		};
/* End PBXResourcesBuildPhase section */

/* Begin PBXSourcesBuildPhase section */
		3F5E83D129F136AA00BFB344 /* Sources */ = {
			isa = PBXSourcesBuildPhase;
			buildActionMask = 2147483647;
			files = (
				3F5E83DB29F136AA00BFB344 /* ContentView.swift in Sources */,
				3F5E847E29FA2FC000BFB344 /* RuleView.swift in Sources */,
				3F5E83D929F136AA00BFB344 /* JungwookTeamApp.swift in Sources */,
				D8695E7029FB8FCE008C68F5 /* JungwookTeam.xcdatamodeld in Sources */,
				D8695E7229FB9C67008C68F5 /* CoreDataModel.swift in Sources */,
				D81123D729FA5FD9000A3ACF /* LottieView.swift in Sources */,
				D8DE41342A010CAA0014D154 /* ButtonView.swift in Sources */,
				874A386C2A011FB80006DF92 /* BackgroundMusicModel.swift in Sources */,
			);
			runOnlyForDeploymentPostprocessing = 0;
		};
/* End PBXSourcesBuildPhase section */

/* Begin XCBuildConfiguration section */
		3F5E83E129F136AB00BFB344 /* Debug */ = {
			isa = XCBuildConfiguration;
			buildSettings = {
				ALWAYS_SEARCH_USER_PATHS = NO;
				CLANG_ANALYZER_NONNULL = YES;
				CLANG_ANALYZER_NUMBER_OBJECT_CONVERSION = YES_AGGRESSIVE;
				CLANG_CXX_LANGUAGE_STANDARD = "gnu++20";
				CLANG_ENABLE_MODULES = YES;
				CLANG_ENABLE_OBJC_ARC = YES;
				CLANG_ENABLE_OBJC_WEAK = YES;
				CLANG_WARN_BLOCK_CAPTURE_AUTORELEASING = YES;
				CLANG_WARN_BOOL_CONVERSION = YES;
				CLANG_WARN_COMMA = YES;
				CLANG_WARN_CONSTANT_CONVERSION = YES;
				CLANG_WARN_DEPRECATED_OBJC_IMPLEMENTATIONS = YES;
				CLANG_WARN_DIRECT_OBJC_ISA_USAGE = YES_ERROR;
				CLANG_WARN_DOCUMENTATION_COMMENTS = YES;
				CLANG_WARN_EMPTY_BODY = YES;
				CLANG_WARN_ENUM_CONVERSION = YES;
				CLANG_WARN_INFINITE_RECURSION = YES;
				CLANG_WARN_INT_CONVERSION = YES;
				CLANG_WARN_NON_LITERAL_NULL_CONVERSION = YES;
				CLANG_WARN_OBJC_IMPLICIT_RETAIN_SELF = YES;
				CLANG_WARN_OBJC_LITERAL_CONVERSION = YES;
				CLANG_WARN_OBJC_ROOT_CLASS = YES_ERROR;
				CLANG_WARN_QUOTED_INCLUDE_IN_FRAMEWORK_HEADER = YES;
				CLANG_WARN_RANGE_LOOP_ANALYSIS = YES;
				CLANG_WARN_STRICT_PROTOTYPES = YES;
				CLANG_WARN_SUSPICIOUS_MOVE = YES;
				CLANG_WARN_UNGUARDED_AVAILABILITY = YES_AGGRESSIVE;
				CLANG_WARN_UNREACHABLE_CODE = YES;
				CLANG_WARN__DUPLICATE_METHOD_MATCH = YES;
				COPY_PHASE_STRIP = NO;
				DEBUG_INFORMATION_FORMAT = dwarf;
				ENABLE_STRICT_OBJC_MSGSEND = YES;
				ENABLE_TESTABILITY = YES;
				GCC_C_LANGUAGE_STANDARD = gnu11;
				GCC_DYNAMIC_NO_PIC = NO;
				GCC_NO_COMMON_BLOCKS = YES;
				GCC_OPTIMIZATION_LEVEL = 0;
				GCC_PREPROCESSOR_DEFINITIONS = (
					"DEBUG=1",
					"$(inherited)",
				);
				GCC_WARN_64_TO_32_BIT_CONVERSION = YES;
				GCC_WARN_ABOUT_RETURN_TYPE = YES_ERROR;
				GCC_WARN_UNDECLARED_SELECTOR = YES;
				GCC_WARN_UNINITIALIZED_AUTOS = YES_AGGRESSIVE;
				GCC_WARN_UNUSED_FUNCTION = YES;
				GCC_WARN_UNUSED_VARIABLE = YES;
				IPHONEOS_DEPLOYMENT_TARGET = 16.4;
				MTL_ENABLE_DEBUG_INFO = INCLUDE_SOURCE;
				MTL_FAST_MATH = YES;
				ONLY_ACTIVE_ARCH = YES;
				SDKROOT = iphoneos;
				SWIFT_ACTIVE_COMPILATION_CONDITIONS = DEBUG;
				SWIFT_OPTIMIZATION_LEVEL = "-Onone";
			};
			name = Debug;
		};
		3F5E83E229F136AB00BFB344 /* Release */ = {
			isa = XCBuildConfiguration;
			buildSettings = {
				ALWAYS_SEARCH_USER_PATHS = NO;
				CLANG_ANALYZER_NONNULL = YES;
				CLANG_ANALYZER_NUMBER_OBJECT_CONVERSION = YES_AGGRESSIVE;
				CLANG_CXX_LANGUAGE_STANDARD = "gnu++20";
				CLANG_ENABLE_MODULES = YES;
				CLANG_ENABLE_OBJC_ARC = YES;
				CLANG_ENABLE_OBJC_WEAK = YES;
				CLANG_WARN_BLOCK_CAPTURE_AUTORELEASING = YES;
				CLANG_WARN_BOOL_CONVERSION = YES;
				CLANG_WARN_COMMA = YES;
				CLANG_WARN_CONSTANT_CONVERSION = YES;
				CLANG_WARN_DEPRECATED_OBJC_IMPLEMENTATIONS = YES;
				CLANG_WARN_DIRECT_OBJC_ISA_USAGE = YES_ERROR;
				CLANG_WARN_DOCUMENTATION_COMMENTS = YES;
				CLANG_WARN_EMPTY_BODY = YES;
				CLANG_WARN_ENUM_CONVERSION = YES;
				CLANG_WARN_INFINITE_RECURSION = YES;
				CLANG_WARN_INT_CONVERSION = YES;
				CLANG_WARN_NON_LITERAL_NULL_CONVERSION = YES;
				CLANG_WARN_OBJC_IMPLICIT_RETAIN_SELF = YES;
				CLANG_WARN_OBJC_LITERAL_CONVERSION = YES;
				CLANG_WARN_OBJC_ROOT_CLASS = YES_ERROR;
				CLANG_WARN_QUOTED_INCLUDE_IN_FRAMEWORK_HEADER = YES;
				CLANG_WARN_RANGE_LOOP_ANALYSIS = YES;
				CLANG_WARN_STRICT_PROTOTYPES = YES;
				CLANG_WARN_SUSPICIOUS_MOVE = YES;
				CLANG_WARN_UNGUARDED_AVAILABILITY = YES_AGGRESSIVE;
				CLANG_WARN_UNREACHABLE_CODE = YES;
				CLANG_WARN__DUPLICATE_METHOD_MATCH = YES;
				COPY_PHASE_STRIP = NO;
				DEBUG_INFORMATION_FORMAT = "dwarf-with-dsym";
				ENABLE_NS_ASSERTIONS = NO;
				ENABLE_STRICT_OBJC_MSGSEND = YES;
				GCC_C_LANGUAGE_STANDARD = gnu11;
				GCC_NO_COMMON_BLOCKS = YES;
				GCC_WARN_64_TO_32_BIT_CONVERSION = YES;
				GCC_WARN_ABOUT_RETURN_TYPE = YES_ERROR;
				GCC_WARN_UNDECLARED_SELECTOR = YES;
				GCC_WARN_UNINITIALIZED_AUTOS = YES_AGGRESSIVE;
				GCC_WARN_UNUSED_FUNCTION = YES;
				GCC_WARN_UNUSED_VARIABLE = YES;
				IPHONEOS_DEPLOYMENT_TARGET = 16.4;
				MTL_ENABLE_DEBUG_INFO = NO;
				MTL_FAST_MATH = YES;
				SDKROOT = iphoneos;
				SWIFT_COMPILATION_MODE = wholemodule;
				SWIFT_OPTIMIZATION_LEVEL = "-O";
				VALIDATE_PRODUCT = YES;
			};
			name = Release;
		};
		3F5E83E429F136AB00BFB344 /* Debug */ = {
			isa = XCBuildConfiguration;
			buildSettings = {
				ASSETCATALOG_COMPILER_APPICON_NAME = AppIcon;
				ASSETCATALOG_COMPILER_GLOBAL_ACCENT_COLOR_NAME = AccentColor;
				CODE_SIGN_STYLE = Automatic;
				CURRENT_PROJECT_VERSION = 1;
				DEVELOPMENT_ASSET_PATHS = "\"JungwookTeam/Preview Content\"";
				ENABLE_PREVIEWS = YES;
				GENERATE_INFOPLIST_FILE = YES;
				INFOPLIST_KEY_UIApplicationSceneManifest_Generation = YES;
				INFOPLIST_KEY_UIApplicationSupportsIndirectInputEvents = YES;
				INFOPLIST_KEY_UILaunchScreen_Generation = YES;
				INFOPLIST_KEY_UISupportedInterfaceOrientations_iPad = "UIInterfaceOrientationPortrait UIInterfaceOrientationPortraitUpsideDown UIInterfaceOrientationLandscapeLeft UIInterfaceOrientationLandscapeRight";
				INFOPLIST_KEY_UISupportedInterfaceOrientations_iPhone = "UIInterfaceOrientationPortrait UIInterfaceOrientationLandscapeLeft UIInterfaceOrientationLandscapeRight";
				LD_RUNPATH_SEARCH_PATHS = (
					"$(inherited)",
					"@executable_path/Frameworks",
				);
				MARKETING_VERSION = 1.0;
				PRODUCT_BUNDLE_IDENTIFIER = GeraldyK.JungwookTeam;
				PRODUCT_NAME = "$(TARGET_NAME)";
				SWIFT_EMIT_LOC_STRINGS = YES;
				SWIFT_VERSION = 5.0;
				TARGETED_DEVICE_FAMILY = "1,2";
			};
			name = Debug;
		};
		3F5E83E529F136AB00BFB344 /* Release */ = {
			isa = XCBuildConfiguration;
			buildSettings = {
				ASSETCATALOG_COMPILER_APPICON_NAME = AppIcon;
				ASSETCATALOG_COMPILER_GLOBAL_ACCENT_COLOR_NAME = AccentColor;
				CODE_SIGN_STYLE = Automatic;
				CURRENT_PROJECT_VERSION = 1;
				DEVELOPMENT_ASSET_PATHS = "\"JungwookTeam/Preview Content\"";
				ENABLE_PREVIEWS = YES;
				GENERATE_INFOPLIST_FILE = YES;
				INFOPLIST_KEY_UIApplicationSceneManifest_Generation = YES;
				INFOPLIST_KEY_UIApplicationSupportsIndirectInputEvents = YES;
				INFOPLIST_KEY_UILaunchScreen_Generation = YES;
				INFOPLIST_KEY_UISupportedInterfaceOrientations_iPad = "UIInterfaceOrientationPortrait UIInterfaceOrientationPortraitUpsideDown UIInterfaceOrientationLandscapeLeft UIInterfaceOrientationLandscapeRight";
				INFOPLIST_KEY_UISupportedInterfaceOrientations_iPhone = "UIInterfaceOrientationPortrait UIInterfaceOrientationLandscapeLeft UIInterfaceOrientationLandscapeRight";
				LD_RUNPATH_SEARCH_PATHS = (
					"$(inherited)",
					"@executable_path/Frameworks",
				);
				MARKETING_VERSION = 1.0;
				PRODUCT_BUNDLE_IDENTIFIER = GeraldyK.JungwookTeam;
				PRODUCT_NAME = "$(TARGET_NAME)";
				SWIFT_EMIT_LOC_STRINGS = YES;
				SWIFT_VERSION = 5.0;
				TARGETED_DEVICE_FAMILY = "1,2";
			};
			name = Release;
		};
/* End XCBuildConfiguration section */

/* Begin XCConfigurationList section */
		3F5E83D029F136AA00BFB344 /* Build configuration list for PBXProject "JungwookTeam" */ = {
			isa = XCConfigurationList;
			buildConfigurations = (
				3F5E83E129F136AB00BFB344 /* Debug */,
				3F5E83E229F136AB00BFB344 /* Release */,
			);
			defaultConfigurationIsVisible = 0;
			defaultConfigurationName = Release;
		};
		3F5E83E329F136AB00BFB344 /* Build configuration list for PBXNativeTarget "JungwookTeam" */ = {
			isa = XCConfigurationList;
			buildConfigurations = (
				3F5E83E429F136AB00BFB344 /* Debug */,
				3F5E83E529F136AB00BFB344 /* Release */,
			);
			defaultConfigurationIsVisible = 0;
			defaultConfigurationName = Release;
		};
/* End XCConfigurationList section */

/* Begin XCRemoteSwiftPackageReference section */
		D81123D929FA603F000A3ACF /* XCRemoteSwiftPackageReference "lottie-ios" */ = {
			isa = XCRemoteSwiftPackageReference;
			repositoryURL = "https://github.com/airbnb/lottie-ios";
			requirement = {
				kind = upToNextMajorVersion;
				minimumVersion = 4.0.0;
			};
		};
		D8695E7B29FBA59C008C68F5 /* XCRemoteSwiftPackageReference "FortuneWheel" */ = {
			isa = XCRemoteSwiftPackageReference;
			repositoryURL = "https://github.com/sameersyd/FortuneWheel.git";
			requirement = {
				kind = upToNextMajorVersion;
				minimumVersion = 0.1.5;
			};
		};
/* End XCRemoteSwiftPackageReference section */

/* Begin XCSwiftPackageProductDependency section */
		D81123DA29FA603F000A3ACF /* Lottie */ = {
			isa = XCSwiftPackageProductDependency;
			package = D81123D929FA603F000A3ACF /* XCRemoteSwiftPackageReference "lottie-ios" */;
			productName = Lottie;
		};
		D8695E7C29FBA59C008C68F5 /* FortuneWheel */ = {
			isa = XCSwiftPackageProductDependency;
			package = D8695E7B29FBA59C008C68F5 /* XCRemoteSwiftPackageReference "FortuneWheel" */;
			productName = FortuneWheel;
		};
/* End XCSwiftPackageProductDependency section */

/* Begin XCVersionGroup section */
		D8695E6E29FB8FCE008C68F5 /* JungwookTeam.xcdatamodeld */ = {
			isa = XCVersionGroup;
			children = (
				D8695E6F29FB8FCE008C68F5 /* JungwookTeam.xcdatamodel */,
			);
			currentVersion = D8695E6F29FB8FCE008C68F5 /* JungwookTeam.xcdatamodel */;
			path = JungwookTeam.xcdatamodeld;
			sourceTree = "<group>";
			versionGroupType = wrapper.xcdatamodel;
		};
/* End XCVersionGroup section */
	};
	rootObject = 3F5E83CD29F136AA00BFB344 /* Project object */;
}
